<?xml version="1.0" encoding="utf-8"?>
<Project ToolsVersion="4.0" xmlns="http://schemas.microsoft.com/developer/msbuild/2003">
  <ItemGroup>
    <Filter Include="ソース ファイル">
      <UniqueIdentifier>{4FC737F1-C7A5-4376-A066-2A32D752A2FF}</UniqueIdentifier>
      <Extensions>cpp;c;cc;cxx;def;odl;idl;hpj;bat;asm;asmx</Extensions>
    </Filter>
    <Filter Include="ヘッダー ファイル">
      <UniqueIdentifier>{93995380-89BD-4b04-88EB-625FBE52EBFB}</UniqueIdentifier>
      <Extensions>h;hh;hpp;hxx;hm;inl;inc;xsd</Extensions>
    </Filter>
    <Filter Include="リソース ファイル">
      <UniqueIdentifier>{67DA6AB6-F800-4c08-8B7A-83BB121AAD01}</UniqueIdentifier>
      <Extensions>rc;ico;cur;bmp;dlg;rc2;rct;bin;rgs;gif;jpg;jpeg;jpe;resx;tiff;tif;png;wav;mfcribbon-ms</Extensions>
    </Filter>
    <Filter Include="plugininterface">
      <UniqueIdentifier>{ca84491e-1ebb-4de6-b0b4-143ce8fc5015}</UniqueIdentifier>
    </Filter>
    <Filter Include="public.sdk">
      <UniqueIdentifier>{e481b6ce-19bc-45e1-8a52-3bc7a05df70e}</UniqueIdentifier>
    </Filter>
    <Filter Include="vstgui.sf">
      <UniqueIdentifier>{f610f326-707c-4f18-8a02-8090b66abec3}</UniqueIdentifier>
    </Filter>
  </ItemGroup>
  <ItemGroup>
    <ClCompile Include="Version.cpp">
      <Filter>ソース ファイル</Filter>
    </ClCompile>
    <ClCompile Include="..\VST3 SDK\pluginterfaces\base\ustring.cpp">
      <Filter>plugininterface</Filter>
    </ClCompile>
    <ClCompile Include="..\VST3 SDK\public.sdk\source\main\dllmain.cpp">
      <Filter>public.sdk</Filter>
    </ClCompile>
    <ClCompile Include="..\VST3 SDK\public.sdk\source\main\pluginfactoryvst3.cpp">
      <Filter>public.sdk</Filter>
    </ClCompile>
    <ClCompile Include="..\VST3 SDK\public.sdk\source\vst\vstinitiids.cpp">
      <Filter>public.sdk</Filter>
    </ClCompile>
    <ClCompile Include="..\VST3 SDK\public.sdk\source\common\pluginview.cpp">
      <Filter>public.sdk</Filter>
    </ClCompile>
    <ClCompile Include="..\VST3 SDK\public.sdk\source\vst3stdsdk.cpp">
      <Filter>public.sdk</Filter>
    </ClCompile>
    <ClCompile Include="AudioCompressorProcessor.cpp">
      <Filter>ソース ファイル</Filter>
    </ClCompile>
    <ClCompile Include="pluginEntries.cpp">
      <Filter>ソース ファイル</Filter>
    </ClCompile>
    <ClCompile Include="AudioCompressorControllerSimple.cpp">
      <Filter>ソース ファイル</Filter>
    </ClCompile>
    <ClCompile Include="logger.cpp">
      <Filter>ソース ファイル</Filter>
    </ClCompile>
    <ClCompile Include="AudioCompressorEditor.cpp">
      <Filter>ソース ファイル</Filter>
    </ClCompile>
    <ClCompile Include="..\VST3 SDK\vstgui.sf\vstgui\cvstguitimer.cpp">
      <Filter>vstgui.sf</Filter>
    </ClCompile>
    <ClCompile Include="..\VST3 SDK\vstgui.sf\vstgui\vstcontrols.cpp">
      <Filter>vstgui.sf</Filter>
    </ClCompile>
    <ClCompile Include="..\VST3 SDK\vstgui.sf\vstgui\vstgui.cpp">
      <Filter>vstgui.sf</Filter>
    </ClCompile>
    <ClCompile Include="..\VST3 SDK\vstgui.sf\vstgui\vstguidebug.cpp">
      <Filter>vstgui.sf</Filter>
    </ClCompile>
    <ClCompile Include="..\VST3 SDK\public.sdk\source\vst\vstguieditor.cpp">
      <Filter>public.sdk</Filter>
    </ClCompile>
  </ItemGroup>
  <ItemGroup>
    <None Include="vst3.def">
      <Filter>ソース ファイル</Filter>
    </None>
  </ItemGroup>
  <ItemGroup>
    <ClInclude Include="AudioCompressorProcessor.h">
      <Filter>ヘッダー ファイル</Filter>
    </ClInclude>
    <ClInclude Include="Version.h">
      <Filter>ヘッダー ファイル</Filter>
    </ClInclude>
    <ClInclude Include="vst3ids.h">
      <Filter>ヘッダー ファイル</Filter>
    </ClInclude>
    <ClInclude Include="AudioCompressorControllerSimple.h">
      <Filter>ヘッダー ファイル</Filter>
    </ClInclude>
    <ClInclude Include="AudioCompressorConsts.h">
      <Filter>ヘッダー ファイル</Filter>
    </ClInclude>
    <ClInclude Include="AudioCompressorParameters.h">
      <Filter>ヘッダー ファイル</Filter>
    </ClInclude>
    <ClInclude Include="OnePoleLpf.h">
      <Filter>ヘッダー ファイル</Filter>
    </ClInclude>
    <ClInclude Include="DspUtils.h">
      <Filter>ヘッダー ファイル</Filter>
    </ClInclude>
    <ClInclude Include="EnvelopeGenerator.h">
      <Filter>ヘッダー ファイル</Filter>
    </ClInclude>
    <ClInclude Include="OnePoleLpfImpl.h">
      <Filter>ヘッダー ファイル</Filter>
    </ClInclude>
    <ClInclude Include="EnvelopeGeneratorImpl.h">
      <Filter>ヘッダー ファイル</Filter>
    </ClInclude>
    <ClInclude Include="resource.h">
      <Filter>ヘッダー ファイル</Filter>
    </ClInclude>
    <ClInclude Include="AudioCompressorEditor.h">
      <Filter>ヘッダー ファイル</Filter>
    </ClInclude>
    <ClInclude Include="logger.h">
      <Filter>ヘッダー ファイル</Filter>
    </ClInclude>
    <ClInclude Include="..\VST3 SDK\vstgui.sf\vstgui\vstgui.h">
      <Filter>vstgui.sf</Filter>
    </ClInclude>
    <ClInclude Include="..\VST3 SDK\vstgui.sf\vstgui\cvstguitimer.h">
      <Filter>vstgui.sf</Filter>
    </ClInclude>
    <ClInclude Include="..\VST3 SDK\vstgui.sf\vstgui\vstcontrols.h">
      <Filter>vstgui.sf</Filter>
    </ClInclude>
  </ItemGroup>
  <ItemGroup>
    <ResourceCompile Include="Resource.rc">
      <Filter>リソース ファイル</Filter>
    </ResourceCompile>
  </ItemGroup>
  <ItemGroup>
    <Image Include="assets\Back.bmp">
      <Filter>リソース ファイル</Filter>
    </Image>
    <Image Include="assets\faderbody.bmp">
      <Filter>リソース ファイル</Filter>
    </Image>
    <Image Include="assets\faderhandle.bmp">
      <Filter>リソース ファイル</Filter>
    </Image>
    <Image Include="assets\knob.bmp">
      <Filter>リソース ファイル</Filter>
    </Image>
    <Image Include="assets\ledoff.bmp">
      <Filter>リソース ファイル</Filter>
    </Image>
    <Image Include="assets\ledon.bmp">
      <Filter>リソース ファイル</Filter>
    </Image>
  </ItemGroup>
</Project>